{
  "object": {
    "pins": [
      {
        "package": "ProtocolBuffers",
        "repositoryURL": "https://github.com/alexeyxo/protobuf-swift.git",
        "state": {
          "branch": null,
          "revision": "3fb3ea3d4871ce61cc93e43f2137f63560399162",
          "version": "3.0.27"
        }
      }
    ]
  },
  "version": 1
}
