{
  "object": {
    "pins": [
      {
        "package": "ProtobufGeneratorUtils",
        "repositoryURL": "https://github.com/alexeyxo/protobuf-swift-generator-utils.git",
        "state": {
          "branch": null,
          "revision": "b307a30a5a58f6fe09a32a9161a12d1c877b16b6",
          "version": "1.1.0"
        }
      },
      {
        "package": "ProtocolBuffers",
        "repositoryURL": "https://github.com/alexeyxo/protobuf-swift.git",
        "state": {
          "branch": null,
          "revision": "c9300e10e63ccc4d0ca74509a4735aa46c3233ae",
          "version": "4.0.0"
        }
      }
    ]
  },
  "version": 1
}
